{
  "name": "gnome-presentation-mode",
  "version": "3.0.0",
  "lockfileVersion": 3,
  "requires": true,
  "packages": {
    "": {
      "name": "gnome-presentation-mode",
      "version": "3.0.0",
      "license": "GPL-2.0-only",
      "devDependencies": {
        "@girs/gio-2.0": "^2.84.0-4.0.0-beta.23",
        "@girs/gjs": "^4.0.0-beta.23",
        "@girs/gobject-2.0": "^2.84.0-4.0.0-beta.23",
        "@girs/gtk-4.0": "^4.18.3-4.0.0-beta.23",
        "@girs/meta-13": "^13.0.0-4.0.0-beta.23",
        "@girs/shell-13": "^13.0.0-4.0.0-beta.23",
        "@girs/st-1.0": "^1.0.0-4.0.0-beta.23"
      }
    },
    "node_modules/@girs/atk-1.0": {
      "version": "2.56.0-4.0.0-beta.23",
      "resolved": "https://registry.npmjs.org/@girs/atk-1.0/-/atk-1.0-2.56.0-4.0.0-beta.23.tgz",
      "integrity": "sha512-5kFs//8rkORYMJh0FQNeNciEQmbMNfA4Jo8AV9du8WiWGAdFzkPLH9o3eQrqRGIqZBsbqiEy3FS+R9P7+bn/UA==",
      "dev": true,
      "license": "MIT",
      "dependencies": {
        "@girs/gjs": "^4.0.0-beta.23",
        "@girs/glib-2.0": "^2.84.0-4.0.0-beta.23",
        "@girs/gobject-2.0": "^2.84.0-4.0.0-beta.23"
      }
    },
    "node_modules/@girs/cairo-1.0": {
      "version": "1.0.0-4.0.0-beta.23",
      "resolved": "https://registry.npmjs.org/@girs/cairo-1.0/-/cairo-1.0-1.0.0-4.0.0-beta.23.tgz",
      "integrity": "sha512-t5fADO+9TmZy8Xzk6Fqk23B3bmakzhNQxa3kFERzy2cL8p1q1pAWm1ARNcadIsl2IbflS4Hbn5sAwRwOm8W67A==",
      "dev": true,
      "license": "MIT",
      "dependencies": {
        "@girs/gjs": "^4.0.0-beta.23",
        "@girs/glib-2.0": "^2.84.0-4.0.0-beta.23",
        "@girs/gobject-2.0": "^2.84.0-4.0.0-beta.23"
      }
    },
    "node_modules/@girs/cally-11": {
      "version": "11.0.0-4.0.0-beta.23",
      "resolved": "https://registry.npmjs.org/@girs/cally-11/-/cally-11-11.0.0-4.0.0-beta.23.tgz",
      "integrity": "sha512-VM7feb7nfAAeuSfxAs+XiKN6CMUOmE6yNKBdzDWv5+8shY4nwmstAoTIM4TgzTdHyLSNQT/wKCLpJIldAyum0A==",
      "dev": true,
      "license": "MIT",
      "dependencies": {
        "@girs/atk-1.0": "^2.56.0-4.0.0-beta.23",
        "@girs/cairo-1.0": "^1.0.0-4.0.0-beta.23",
        "@girs/clutter-11": "^11.0.0-4.0.0-beta.23",
        "@girs/cogl-11": "^11.0.0-4.0.0-beta.23",
        "@girs/coglpango-11": "^11.0.0-4.0.0-beta.23",
        "@girs/freetype2-2.0": "^2.0.0-4.0.0-beta.23",
        "@girs/gio-2.0": "^2.84.0-4.0.0-beta.23",
        "@girs/gjs": "^4.0.0-beta.23",
        "@girs/gl-1.0": "^1.0.0-4.0.0-beta.23",
        "@girs/glib-2.0": "^2.84.0-4.0.0-beta.23",
        "@girs/gmodule-2.0": "^2.0.0-4.0.0-beta.23",
        "@girs/gobject-2.0": "^2.84.0-4.0.0-beta.23",
        "@girs/graphene-1.0": "^1.0.0-4.0.0-beta.23",
        "@girs/harfbuzz-0.0": "^9.0.0-4.0.0-beta.23",
        "@girs/json-1.0": "^1.10.7-4.0.0-beta.23",
        "@girs/pango-1.0": "^1.56.4-4.0.0-beta.23",
        "@girs/pangocairo-1.0": "^1.0.0-4.0.0-beta.23"
      }
    },
    "node_modules/@girs/cally-13": {
      "version": "13.0.0-4.0.0-beta.23",
      "resolved": "https://registry.npmjs.org/@girs/cally-13/-/cally-13-13.0.0-4.0.0-beta.23.tgz",
      "integrity": "sha512-JDGsjH1F60k+59LHyfWH76FF/iK/jUR2AyXSNnIyFdB9PpboQn4lKNY6u9TxHfDdLnrTMdnBC6BGA+ZSoxnWZA==",
      "dev": true,
      "license": "MIT",
      "dependencies": {
        "@girs/atk-1.0": "^2.56.0-4.0.0-beta.23",
        "@girs/cairo-1.0": "^1.0.0-4.0.0-beta.23",
        "@girs/clutter-13": "^13.0.0-4.0.0-beta.23",
        "@girs/cogl-13": "^13.0.0-4.0.0-beta.23",
        "@girs/coglpango-13": "^13.0.0-4.0.0-beta.23",
        "@girs/freetype2-2.0": "^2.0.0-4.0.0-beta.23",
        "@girs/gio-2.0": "^2.84.0-4.0.0-beta.23",
        "@girs/gjs": "^4.0.0-beta.23",
        "@girs/gl-1.0": "^1.0.0-4.0.0-beta.23",
        "@girs/glib-2.0": "^2.84.0-4.0.0-beta.23",
        "@girs/gmodule-2.0": "^2.0.0-4.0.0-beta.23",
        "@girs/gobject-2.0": "^2.84.0-4.0.0-beta.23",
        "@girs/graphene-1.0": "^1.0.0-4.0.0-beta.23",
        "@girs/harfbuzz-0.0": "^9.0.0-4.0.0-beta.23",
        "@girs/json-1.0": "^1.10.7-4.0.0-beta.23",
        "@girs/mtk-13": "^13.0.0-4.0.0-beta.23",
        "@girs/pango-1.0": "^1.56.4-4.0.0-beta.23",
        "@girs/pangocairo-1.0": "^1.0.0-4.0.0-beta.23"
      }
    },
    "node_modules/@girs/clutter-11": {
      "version": "11.0.0-4.0.0-beta.23",
      "resolved": "https://registry.npmjs.org/@girs/clutter-11/-/clutter-11-11.0.0-4.0.0-beta.23.tgz",
      "integrity": "sha512-Yok+KKljO5f8G/mSUIDbwcVNHojUyVHvO+ZUtWxsDBDzJ16d8EMNUlxRq/qu/H/cw9NKmc5QBS6BaRTDoaDq6Q==",
      "dev": true,
      "license": "MIT",
      "dependencies": {
        "@girs/atk-1.0": "^2.56.0-4.0.0-beta.23",
        "@girs/cairo-1.0": "^1.0.0-4.0.0-beta.23",
        "@girs/cogl-11": "^11.0.0-4.0.0-beta.23",
        "@girs/coglpango-11": "^11.0.0-4.0.0-beta.23",
        "@girs/freetype2-2.0": "^2.0.0-4.0.0-beta.23",
        "@girs/gio-2.0": "^2.84.0-4.0.0-beta.23",
        "@girs/gjs": "^4.0.0-beta.23",
        "@girs/gl-1.0": "^1.0.0-4.0.0-beta.23",
        "@girs/glib-2.0": "^2.84.0-4.0.0-beta.23",
        "@girs/gmodule-2.0": "^2.0.0-4.0.0-beta.23",
        "@girs/gobject-2.0": "^2.84.0-4.0.0-beta.23",
        "@girs/graphene-1.0": "^1.0.0-4.0.0-beta.23",
        "@girs/harfbuzz-0.0": "^9.0.0-4.0.0-beta.23",
        "@girs/json-1.0": "^1.10.7-4.0.0-beta.23",
        "@girs/pango-1.0": "^1.56.4-4.0.0-beta.23",
        "@girs/pangocairo-1.0": "^1.0.0-4.0.0-beta.23"
      }
    },
    "node_modules/@girs/clutter-13": {
      "version": "13.0.0-4.0.0-beta.23",
      "resolved": "https://registry.npmjs.org/@girs/clutter-13/-/clutter-13-13.0.0-4.0.0-beta.23.tgz",
      "integrity": "sha512-2noKPkO66JgDipvEgYbGKkPWTmAURnszG/6an+4vGCe4iQ4C3NWvgLbeqVMVI3cpDeaDDFfS6w0UNojuQBAlyA==",
      "dev": true,
      "license": "MIT",
      "dependencies": {
        "@girs/atk-1.0": "^2.56.0-4.0.0-beta.23",
        "@girs/cairo-1.0": "^1.0.0-4.0.0-beta.23",
        "@girs/cogl-13": "^13.0.0-4.0.0-beta.23",
        "@girs/coglpango-13": "^13.0.0-4.0.0-beta.23",
        "@girs/freetype2-2.0": "^2.0.0-4.0.0-beta.23",
        "@girs/gio-2.0": "^2.84.0-4.0.0-beta.23",
        "@girs/gjs": "^4.0.0-beta.23",
        "@girs/gl-1.0": "^1.0.0-4.0.0-beta.23",
        "@girs/glib-2.0": "^2.84.0-4.0.0-beta.23",
        "@girs/gmodule-2.0": "^2.0.0-4.0.0-beta.23",
        "@girs/gobject-2.0": "^2.84.0-4.0.0-beta.23",
        "@girs/graphene-1.0": "^1.0.0-4.0.0-beta.23",
        "@girs/harfbuzz-0.0": "^9.0.0-4.0.0-beta.23",
        "@girs/json-1.0": "^1.10.7-4.0.0-beta.23",
        "@girs/mtk-13": "^13.0.0-4.0.0-beta.23",
        "@girs/pango-1.0": "^1.56.4-4.0.0-beta.23",
        "@girs/pangocairo-1.0": "^1.0.0-4.0.0-beta.23"
      }
    },
    "node_modules/@girs/cogl-11": {
      "version": "11.0.0-4.0.0-beta.23",
      "resolved": "https://registry.npmjs.org/@girs/cogl-11/-/cogl-11-11.0.0-4.0.0-beta.23.tgz",
      "integrity": "sha512-y5YBkg6Lvy2cgbXpqALGoGT+aUJfEPpVBcyJZE2pKCWZ+C4apLk2iZ33FcJ/V8GN6cAACE5EXAucbgumIeHfmQ==",
      "dev": true,
      "license": "MIT",
      "dependencies": {
        "@girs/cairo-1.0": "^1.0.0-4.0.0-beta.23",
        "@girs/gjs": "^4.0.0-beta.23",
        "@girs/gl-1.0": "^1.0.0-4.0.0-beta.23",
        "@girs/glib-2.0": "^2.84.0-4.0.0-beta.23",
        "@girs/gobject-2.0": "^2.84.0-4.0.0-beta.23",
        "@girs/graphene-1.0": "^1.0.0-4.0.0-beta.23"
      }
    },
    "node_modules/@girs/cogl-13": {
      "version": "13.0.0-4.0.0-beta.23",
      "resolved": "https://registry.npmjs.org/@girs/cogl-13/-/cogl-13-13.0.0-4.0.0-beta.23.tgz",
      "integrity": "sha512-PWo9XXI+7OWaNgJ6wu/6lnKoKdZsPUZRHBGygiZoOeg8trPQCSUc9dB10gcgrUaqdf6W1OEThseBQUoVuYhgag==",
      "dev": true,
      "license": "MIT",
      "dependencies": {
        "@girs/cairo-1.0": "^1.0.0-4.0.0-beta.23",
        "@girs/gjs": "^4.0.0-beta.23",
        "@girs/gl-1.0": "^1.0.0-4.0.0-beta.23",
        "@girs/glib-2.0": "^2.84.0-4.0.0-beta.23",
        "@girs/gobject-2.0": "^2.84.0-4.0.0-beta.23",
        "@girs/graphene-1.0": "^1.0.0-4.0.0-beta.23"
      }
    },
    "node_modules/@girs/coglpango-11": {
      "version": "11.0.0-4.0.0-beta.23",
      "resolved": "https://registry.npmjs.org/@girs/coglpango-11/-/coglpango-11-11.0.0-4.0.0-beta.23.tgz",
      "integrity": "sha512-WQvsqszEaw7/Fph1jdkE4owHdiWczwiK//nqeRq7U+JOFd6sw2yjLM1fTGhcqjR6aTy9DhGcyVNvAbZ9X01afw==",
      "dev": true,
      "license": "MIT",
      "dependencies": {
        "@girs/cairo-1.0": "^1.0.0-4.0.0-beta.23",
        "@girs/cogl-11": "^11.0.0-4.0.0-beta.23",
        "@girs/freetype2-2.0": "^2.0.0-4.0.0-beta.23",
        "@girs/gio-2.0": "^2.84.0-4.0.0-beta.23",
        "@girs/gjs": "^4.0.0-beta.23",
        "@girs/gl-1.0": "^1.0.0-4.0.0-beta.23",
        "@girs/glib-2.0": "^2.84.0-4.0.0-beta.23",
        "@girs/gmodule-2.0": "^2.0.0-4.0.0-beta.23",
        "@girs/gobject-2.0": "^2.84.0-4.0.0-beta.23",
        "@girs/graphene-1.0": "^1.0.0-4.0.0-beta.23",
        "@girs/harfbuzz-0.0": "^9.0.0-4.0.0-beta.23",
        "@girs/pango-1.0": "^1.56.4-4.0.0-beta.23",
        "@girs/pangocairo-1.0": "^1.0.0-4.0.0-beta.23"
      }
    },
    "node_modules/@girs/coglpango-13": {
      "version": "13.0.0-4.0.0-beta.23",
      "resolved": "https://registry.npmjs.org/@girs/coglpango-13/-/coglpango-13-13.0.0-4.0.0-beta.23.tgz",
      "integrity": "sha512-G380OcvUSVhvgYWQVnYO/IbP36/FgqCB17nS32MQe2bDuGN196zRQBg+sbkf3A4BJ5peA5jSvcd8XalDqUKivg==",
      "dev": true,
      "license": "MIT",
      "dependencies": {
        "@girs/cairo-1.0": "^1.0.0-4.0.0-beta.23",
        "@girs/cogl-13": "^13.0.0-4.0.0-beta.23",
        "@girs/freetype2-2.0": "^2.0.0-4.0.0-beta.23",
        "@girs/gio-2.0": "^2.84.0-4.0.0-beta.23",
        "@girs/gjs": "^4.0.0-beta.23",
        "@girs/gl-1.0": "^1.0.0-4.0.0-beta.23",
        "@girs/glib-2.0": "^2.84.0-4.0.0-beta.23",
        "@girs/gmodule-2.0": "^2.0.0-4.0.0-beta.23",
        "@girs/gobject-2.0": "^2.84.0-4.0.0-beta.23",
        "@girs/graphene-1.0": "^1.0.0-4.0.0-beta.23",
        "@girs/harfbuzz-0.0": "^9.0.0-4.0.0-beta.23",
        "@girs/pango-1.0": "^1.56.4-4.0.0-beta.23",
        "@girs/pangocairo-1.0": "^1.0.0-4.0.0-beta.23"
      }
    },
    "node_modules/@girs/freetype2-2.0": {
      "version": "2.0.0-4.0.0-beta.23",
      "resolved": "https://registry.npmjs.org/@girs/freetype2-2.0/-/freetype2-2.0-2.0.0-4.0.0-beta.23.tgz",
      "integrity": "sha512-DpMJET2s2ZXmGjScv+tu8tyEDIT6mIEWgY/Lp5HaXTUkKpw+LdtVV0bEwiXMYn3TSs6QYJZyBxNlwTSD3qb+Ww==",
      "dev": true,
      "license": "MIT",
      "dependencies": {
        "@girs/gjs": "^4.0.0-beta.23",
        "@girs/gobject-2.0": "^2.84.0-4.0.0-beta.23"
      }
    },
    "node_modules/@girs/gck-2": {
      "version": "4.4.0-4.0.0-beta.23",
      "resolved": "https://registry.npmjs.org/@girs/gck-2/-/gck-2-4.4.0-4.0.0-beta.23.tgz",
      "integrity": "sha512-PY1yLymRxNDnUMrLAvu6dAImoUco4RpkFv+u72AUGXcgbmvPNcRwBC/11TcLHlqnzOzy31QjWZBYsbUE89jWiA==",
      "dev": true,
      "license": "MIT",
      "dependencies": {
        "@girs/gio-2.0": "^2.84.0-4.0.0-beta.23",
        "@girs/gjs": "^4.0.0-beta.23",
        "@girs/glib-2.0": "^2.84.0-4.0.0-beta.23",
        "@girs/gmodule-2.0": "^2.0.0-4.0.0-beta.23",
        "@girs/gobject-2.0": "^2.84.0-4.0.0-beta.23"
      }
    },
    "node_modules/@girs/gcr-4": {
      "version": "4.4.0-4.0.0-beta.23",
      "resolved": "https://registry.npmjs.org/@girs/gcr-4/-/gcr-4-4.4.0-4.0.0-beta.23.tgz",
      "integrity": "sha512-Oo6/wDbbAq+ytfFGhOHFjOjfVdhTkE0EvdvTLSa31qNfCEI+0I0OwL1gG35DoUCKeESqd6WgpqMXmMnop3/yIg==",
      "dev": true,
      "license": "MIT",
      "dependencies": {
        "@girs/gck-2": "^4.4.0-4.0.0-beta.23",
        "@girs/gio-2.0": "^2.84.0-4.0.0-beta.23",
        "@girs/gjs": "^4.0.0-beta.23",
        "@girs/glib-2.0": "^2.84.0-4.0.0-beta.23",
        "@girs/gmodule-2.0": "^2.0.0-4.0.0-beta.23",
        "@girs/gobject-2.0": "^2.84.0-4.0.0-beta.23"
      }
    },
    "node_modules/@girs/gdesktopenums-3.0": {
      "version": "3.0.0-4.0.0-beta.23",
      "resolved": "https://registry.npmjs.org/@girs/gdesktopenums-3.0/-/gdesktopenums-3.0-3.0.0-4.0.0-beta.23.tgz",
      "integrity": "sha512-T2LpS68w/HtOH1Cd/RGWOXrqPJEsUNOhUOpjwZhH6lu3Ey1IYEq5yyyIeWi3ts9QS4SjbhZvqMTJKFwA5xywMw==",
      "dev": true,
      "license": "MIT",
      "dependencies": {
        "@girs/gjs": "^4.0.0-beta.23",
        "@girs/gobject-2.0": "^2.84.0-4.0.0-beta.23"
      }
    },
    "node_modules/@girs/gdk-3.0": {
      "version": "3.24.50-4.0.0-beta.23",
      "resolved": "https://registry.npmjs.org/@girs/gdk-3.0/-/gdk-3.0-3.24.50-4.0.0-beta.23.tgz",
      "integrity": "sha512-G71SRKHc6FesgV7ixBhG/J3CLB88FGh9eqEeMzfoANJ8daUrLB+1ZvjzhGQ+IGqM7sEubKAyoZN/6o8rc5PU1w==",
      "dev": true,
      "license": "MIT",
      "dependencies": {
        "@girs/cairo-1.0": "^1.0.0-4.0.0-beta.23",
        "@girs/freetype2-2.0": "^2.0.0-4.0.0-beta.23",
        "@girs/gdkpixbuf-2.0": "^2.0.0-4.0.0-beta.23",
        "@girs/gio-2.0": "^2.84.0-4.0.0-beta.23",
        "@girs/gjs": "^4.0.0-beta.23",
        "@girs/glib-2.0": "^2.84.0-4.0.0-beta.23",
        "@girs/gmodule-2.0": "^2.0.0-4.0.0-beta.23",
        "@girs/gobject-2.0": "^2.84.0-4.0.0-beta.23",
        "@girs/harfbuzz-0.0": "^9.0.0-4.0.0-beta.23",
        "@girs/pango-1.0": "^1.56.4-4.0.0-beta.23"
      }
    },
    "node_modules/@girs/gdk-4.0": {
      "version": "4.0.0-4.0.0-beta.23",
      "resolved": "https://registry.npmjs.org/@girs/gdk-4.0/-/gdk-4.0-4.0.0-4.0.0-beta.23.tgz",
      "integrity": "sha512-esdIxWgxyKQKYAsQBnTZPHocf5CXwEovt6Xp2aIVxbATLzzd0x35194PPjq51IbZ7eRi/XnBC9yTlNI5JYVNog==",
      "dev": true,
      "license": "MIT",
      "dependencies": {
        "@girs/cairo-1.0": "^1.0.0-4.0.0-beta.23",
        "@girs/freetype2-2.0": "^2.0.0-4.0.0-beta.23",
        "@girs/gdkpixbuf-2.0": "^2.0.0-4.0.0-beta.23",
        "@girs/gio-2.0": "^2.84.0-4.0.0-beta.23",
        "@girs/gjs": "^4.0.0-beta.23",
        "@girs/glib-2.0": "^2.84.0-4.0.0-beta.23",
        "@girs/gmodule-2.0": "^2.0.0-4.0.0-beta.23",
        "@girs/gobject-2.0": "^2.84.0-4.0.0-beta.23",
        "@girs/harfbuzz-0.0": "^9.0.0-4.0.0-beta.23",
        "@girs/pango-1.0": "^1.56.4-4.0.0-beta.23",
        "@girs/pangocairo-1.0": "^1.0.0-4.0.0-beta.23"
      }
    },
    "node_modules/@girs/gdkpixbuf-2.0": {
      "version": "2.0.0-4.0.0-beta.23",
      "resolved": "https://registry.npmjs.org/@girs/gdkpixbuf-2.0/-/gdkpixbuf-2.0-2.0.0-4.0.0-beta.23.tgz",
      "integrity": "sha512-Apku+aCEsosPXdEOnDtI3GPdX2Seo2rWUm10aY3ijGOnvafjmsJkHwWlThHzV850Ygi7dw3hBBys0z8hG6Cf1A==",
      "dev": true,
      "license": "MIT",
      "dependencies": {
        "@girs/gio-2.0": "^2.84.0-4.0.0-beta.23",
        "@girs/gjs": "^4.0.0-beta.23",
        "@girs/glib-2.0": "^2.84.0-4.0.0-beta.23",
        "@girs/gmodule-2.0": "^2.0.0-4.0.0-beta.23",
        "@girs/gobject-2.0": "^2.84.0-4.0.0-beta.23"
      }
    },
    "node_modules/@girs/gio-2.0": {
      "version": "2.84.0-4.0.0-beta.23",
      "resolved": "https://registry.npmjs.org/@girs/gio-2.0/-/gio-2.0-2.84.0-4.0.0-beta.23.tgz",
      "integrity": "sha512-FcGgYQ96KhdeFJvUYsIm0XmOYaYnTfpHKzPUOW4IcJm5q38RNDKgoijBMfedv3fMxnPDtpMb08ZFD6P1GjJY8A==",
      "dev": true,
      "license": "MIT",
      "dependencies": {
        "@girs/gjs": "^4.0.0-beta.23",
        "@girs/glib-2.0": "^2.84.0-4.0.0-beta.23",
        "@girs/gmodule-2.0": "^2.0.0-4.0.0-beta.23",
        "@girs/gobject-2.0": "^2.84.0-4.0.0-beta.23"
      }
    },
    "node_modules/@girs/gjs": {
      "version": "4.0.0-beta.23",
      "resolved": "https://registry.npmjs.org/@girs/gjs/-/gjs-4.0.0-beta.23.tgz",
      "integrity": "sha512-Yz1s23WaGAsVHetWFReVxeYDJbVFtJ6KZ7u+qzWa/B3P2mB+5aXpGc7nV6Bx7GbRc48FuGgtbKxVo0rq26Ug/Q==",
      "dev": true,
      "license": "MIT",
      "dependencies": {
        "@girs/cairo-1.0": "^1.0.0-4.0.0-beta.23",
        "@girs/gio-2.0": "^2.84.0-4.0.0-beta.23",
        "@girs/glib-2.0": "^2.84.0-4.0.0-beta.23",
        "@girs/gobject-2.0": "^2.84.0-4.0.0-beta.23"
      }
    },
    "node_modules/@girs/gl-1.0": {
      "version": "1.0.0-4.0.0-beta.23",
      "resolved": "https://registry.npmjs.org/@girs/gl-1.0/-/gl-1.0-1.0.0-4.0.0-beta.23.tgz",
      "integrity": "sha512-OaaqoeoZG2ovpf0SrDXDVNZOGk5Ay+tdw6M+sAsqjI+02epWgItWvdl3HfGd/82ENviIufw3s+vtWKodNUoWFw==",
      "dev": true,
      "license": "MIT",
      "dependencies": {
        "@girs/gjs": "^4.0.0-beta.23",
        "@girs/gobject-2.0": "^2.84.0-4.0.0-beta.23"
      }
    },
    "node_modules/@girs/glib-2.0": {
      "version": "2.84.0-4.0.0-beta.23",
      "resolved": "https://registry.npmjs.org/@girs/glib-2.0/-/glib-2.0-2.84.0-4.0.0-beta.23.tgz",
      "integrity": "sha512-epQae3f9rDeIrEgA9hOEiNAppJYQAfVRZ4Uh/0yO9NtAQR6PTfXUpjotw9ndjVxsHpEmRODoM2t/kytCYqKmVg==",
      "dev": true,
      "license": "MIT",
      "dependencies": {
        "@girs/gjs": "^4.0.0-beta.23",
        "@girs/gobject-2.0": "^2.84.0-4.0.0-beta.23"
      }
    },
    "node_modules/@girs/gmodule-2.0": {
      "version": "2.0.0-4.0.0-beta.23",
      "resolved": "https://registry.npmjs.org/@girs/gmodule-2.0/-/gmodule-2.0-2.0.0-4.0.0-beta.23.tgz",
      "integrity": "sha512-Dc+Pq1peNlwQ0o/WFsUzT1qt3oqgMLBhzjEfOTGAD0Jw1Ut3QCoBuryVFFNMIruOKnSSBoBnQO7Qelly5aSd2w==",
      "dev": true,
      "license": "MIT",
      "dependencies": {
        "@girs/gjs": "^4.0.0-beta.23",
        "@girs/glib-2.0": "^2.84.0-4.0.0-beta.23",
        "@girs/gobject-2.0": "^2.84.0-4.0.0-beta.23"
      }
    },
    "node_modules/@girs/gobject-2.0": {
      "version": "2.84.0-4.0.0-beta.23",
      "resolved": "https://registry.npmjs.org/@girs/gobject-2.0/-/gobject-2.0-2.84.0-4.0.0-beta.23.tgz",
      "integrity": "sha512-GNWQDLo+Nmq2FQNPljKKh4Zplp8vZwwr0hj1sf4lbJ36zbVsovrhfNozqaph0XNjv8vtHeTcXUocGQprM9FHCg==",
      "dev": true,
      "license": "MIT",
      "dependencies": {
        "@girs/gjs": "^4.0.0-beta.23",
        "@girs/glib-2.0": "^2.84.0-4.0.0-beta.23"
      }
    },
    "node_modules/@girs/graphene-1.0": {
      "version": "1.0.0-4.0.0-beta.23",
      "resolved": "https://registry.npmjs.org/@girs/graphene-1.0/-/graphene-1.0-1.0.0-4.0.0-beta.23.tgz",
      "integrity": "sha512-C6HAR88uCAi6xCKip208tPdzYUBFICiCyBSBm+gVzniEfikNM4CVN7+tHHwp4Gd1FKixK5EMVDIYs5sCfToNWQ==",
      "dev": true,
      "license": "MIT",
      "dependencies": {
        "@girs/gjs": "^4.0.0-beta.23",
        "@girs/glib-2.0": "^2.84.0-4.0.0-beta.23",
        "@girs/gobject-2.0": "^2.84.0-4.0.0-beta.23"
      }
    },
    "node_modules/@girs/gsk-4.0": {
      "version": "4.0.0-4.0.0-beta.23",
      "resolved": "https://registry.npmjs.org/@girs/gsk-4.0/-/gsk-4.0-4.0.0-4.0.0-beta.23.tgz",
      "integrity": "sha512-zLjklfxLjef6SV5VEQ2+52G/d+hQqmp6HbBu0/Jn5CLFFYe22LmDQWSEtGOn0NwKDL7XltXaxKoT/JBHEQsgcg==",
      "dev": true,
      "license": "MIT",
      "dependencies": {
        "@girs/cairo-1.0": "^1.0.0-4.0.0-beta.23",
        "@girs/freetype2-2.0": "^2.0.0-4.0.0-beta.23",
        "@girs/gdk-4.0": "^4.0.0-4.0.0-beta.23",
        "@girs/gdkpixbuf-2.0": "^2.0.0-4.0.0-beta.23",
        "@girs/gio-2.0": "^2.84.0-4.0.0-beta.23",
        "@girs/gjs": "^4.0.0-beta.23",
        "@girs/glib-2.0": "^2.84.0-4.0.0-beta.23",
        "@girs/gmodule-2.0": "^2.0.0-4.0.0-beta.23",
        "@girs/gobject-2.0": "^2.84.0-4.0.0-beta.23",
        "@girs/graphene-1.0": "^1.0.0-4.0.0-beta.23",
        "@girs/harfbuzz-0.0": "^9.0.0-4.0.0-beta.23",
        "@girs/pango-1.0": "^1.56.4-4.0.0-beta.23",
        "@girs/pangocairo-1.0": "^1.0.0-4.0.0-beta.23"
      }
    },
    "node_modules/@girs/gtk-3.0": {
      "version": "3.24.50-4.0.0-beta.23",
      "resolved": "https://registry.npmjs.org/@girs/gtk-3.0/-/gtk-3.0-3.24.50-4.0.0-beta.23.tgz",
      "integrity": "sha512-ZlXchMvqSkq4CtS812NNP9Xiwpk/JFxmhEWrXnibeZOiEvr7g0L9jCPJHfBRztYWoOia1iELCrXgkjnwT8E3sQ==",
      "dev": true,
      "license": "MIT",
      "dependencies": {
        "@girs/atk-1.0": "^2.56.0-4.0.0-beta.23",
        "@girs/cairo-1.0": "^1.0.0-4.0.0-beta.23",
        "@girs/freetype2-2.0": "^2.0.0-4.0.0-beta.23",
        "@girs/gdk-3.0": "^3.24.50-4.0.0-beta.23",
        "@girs/gdkpixbuf-2.0": "^2.0.0-4.0.0-beta.23",
        "@girs/gio-2.0": "^2.84.0-4.0.0-beta.23",
        "@girs/gjs": "^4.0.0-beta.23",
        "@girs/glib-2.0": "^2.84.0-4.0.0-beta.23",
        "@girs/gmodule-2.0": "^2.0.0-4.0.0-beta.23",
        "@girs/gobject-2.0": "^2.84.0-4.0.0-beta.23",
        "@girs/harfbuzz-0.0": "^9.0.0-4.0.0-beta.23",
        "@girs/pango-1.0": "^1.56.4-4.0.0-beta.23",
        "@girs/xlib-2.0": "^2.0.0-4.0.0-beta.23"
      }
    },
    "node_modules/@girs/gtk-4.0": {
      "version": "4.18.3-4.0.0-beta.23",
      "resolved": "https://registry.npmjs.org/@girs/gtk-4.0/-/gtk-4.0-4.18.3-4.0.0-beta.23.tgz",
      "integrity": "sha512-CsMPZLHQz+kWP81zR8AfPRpqUh9g1i5QNG08E9shj3Z9hvbR3goXmQXCSjgVxkcD40YsFn2tlc5FF/aztwY45Q==",
      "dev": true,
      "license": "MIT",
      "dependencies": {
        "@girs/cairo-1.0": "^1.0.0-4.0.0-beta.23",
        "@girs/freetype2-2.0": "^2.0.0-4.0.0-beta.23",
        "@girs/gdk-4.0": "^4.0.0-4.0.0-beta.23",
        "@girs/gdkpixbuf-2.0": "^2.0.0-4.0.0-beta.23",
        "@girs/gio-2.0": "^2.84.0-4.0.0-beta.23",
        "@girs/gjs": "^4.0.0-beta.23",
        "@girs/glib-2.0": "^2.84.0-4.0.0-beta.23",
        "@girs/gmodule-2.0": "^2.0.0-4.0.0-beta.23",
        "@girs/gobject-2.0": "^2.84.0-4.0.0-beta.23",
        "@girs/graphene-1.0": "^1.0.0-4.0.0-beta.23",
        "@girs/gsk-4.0": "^4.0.0-4.0.0-beta.23",
        "@girs/harfbuzz-0.0": "^9.0.0-4.0.0-beta.23",
        "@girs/pango-1.0": "^1.56.4-4.0.0-beta.23",
        "@girs/pangocairo-1.0": "^1.0.0-4.0.0-beta.23"
      }
    },
    "node_modules/@girs/gvc-1.0": {
      "version": "1.0.0-4.0.0-beta.23",
      "resolved": "https://registry.npmjs.org/@girs/gvc-1.0/-/gvc-1.0-1.0.0-4.0.0-beta.23.tgz",
      "integrity": "sha512-Pzx/2KP0wBBMLmLcpwyVN6HE6SCPjlOqI2GCM81ztfb/EABAxAgq7liMua9RbIlo+eKj7e+GBb3rq8mEphgvcg==",
      "dev": true,
      "license": "MIT",
      "dependencies": {
        "@girs/gio-2.0": "^2.84.0-4.0.0-beta.23",
        "@girs/gjs": "^4.0.0-beta.23",
        "@girs/glib-2.0": "^2.84.0-4.0.0-beta.23",
        "@girs/gmodule-2.0": "^2.0.0-4.0.0-beta.23",
        "@girs/gobject-2.0": "^2.84.0-4.0.0-beta.23"
      }
    },
    "node_modules/@girs/harfbuzz-0.0": {
      "version": "9.0.0-4.0.0-beta.23",
      "resolved": "https://registry.npmjs.org/@girs/harfbuzz-0.0/-/harfbuzz-0.0-9.0.0-4.0.0-beta.23.tgz",
      "integrity": "sha512-9uWYDEUhkyoClR4GHv69AMHRDtcNSwidtA8MG8c1rMDT5qWNWkwfQK5hwX8/oBCbL0LqJNeMfJByIQ3yLfgQGg==",
      "dev": true,
      "license": "MIT",
      "dependencies": {
        "@girs/freetype2-2.0": "^2.0.0-4.0.0-beta.23",
        "@girs/gjs": "^4.0.0-beta.23",
        "@girs/glib-2.0": "^2.84.0-4.0.0-beta.23",
        "@girs/gobject-2.0": "^2.84.0-4.0.0-beta.23"
      }
    },
    "node_modules/@girs/json-1.0": {
      "version": "1.10.7-4.0.0-beta.23",
      "resolved": "https://registry.npmjs.org/@girs/json-1.0/-/json-1.0-1.10.7-4.0.0-beta.23.tgz",
      "integrity": "sha512-B9ohd9onqQL4/GYOJoDNSjaETCeVJcc04gtyJL2wB6GTZGYoVMvs7SAiJIrm9y31qoe5QqkiMSIOXhhixPYqTQ==",
      "dev": true,
      "license": "MIT",
      "dependencies": {
        "@girs/gio-2.0": "^2.84.0-4.0.0-beta.23",
        "@girs/gjs": "^4.0.0-beta.23",
        "@girs/glib-2.0": "^2.84.0-4.0.0-beta.23",
        "@girs/gmodule-2.0": "^2.0.0-4.0.0-beta.23",
        "@girs/gobject-2.0": "^2.84.0-4.0.0-beta.23"
      }
    },
    "node_modules/@girs/meta-11": {
      "version": "11.0.0-4.0.0-beta.23",
      "resolved": "https://registry.npmjs.org/@girs/meta-11/-/meta-11-11.0.0-4.0.0-beta.23.tgz",
      "integrity": "sha512-TYCPq1M/THolDep4Ai0Z4Xk5ymIJM2iQ2BAPC839KGQgP2HmoBjz/v/LyUcJ0CNngb5s7KPhUBI+xTCJhl2Neg==",
      "dev": true,
      "license": "MIT",
      "dependencies": {
        "@girs/atk-1.0": "^2.56.0-4.0.0-beta.23",
        "@girs/cairo-1.0": "^1.0.0-4.0.0-beta.23",
        "@girs/clutter-11": "^11.0.0-4.0.0-beta.23",
        "@girs/cogl-11": "^11.0.0-4.0.0-beta.23",
        "@girs/coglpango-11": "^11.0.0-4.0.0-beta.23",
        "@girs/freetype2-2.0": "^2.0.0-4.0.0-beta.23",
        "@girs/gdesktopenums-3.0": "^3.0.0-4.0.0-beta.23",
        "@girs/gdk-3.0": "^3.24.50-4.0.0-beta.23",
        "@girs/gdkpixbuf-2.0": "^2.0.0-4.0.0-beta.23",
        "@girs/gio-2.0": "^2.84.0-4.0.0-beta.23",
        "@girs/gjs": "^4.0.0-beta.23",
        "@girs/gl-1.0": "^1.0.0-4.0.0-beta.23",
        "@girs/glib-2.0": "^2.84.0-4.0.0-beta.23",
        "@girs/gmodule-2.0": "^2.0.0-4.0.0-beta.23",
        "@girs/gobject-2.0": "^2.84.0-4.0.0-beta.23",
        "@girs/graphene-1.0": "^1.0.0-4.0.0-beta.23",
        "@girs/gtk-3.0": "^3.24.50-4.0.0-beta.23",
        "@girs/harfbuzz-0.0": "^9.0.0-4.0.0-beta.23",
        "@girs/json-1.0": "^1.10.7-4.0.0-beta.23",
        "@girs/pango-1.0": "^1.56.4-4.0.0-beta.23",
        "@girs/pangocairo-1.0": "^1.0.0-4.0.0-beta.23",
        "@girs/xfixes-4.0": "^4.0.0-4.0.0-beta.23",
        "@girs/xlib-2.0": "^2.0.0-4.0.0-beta.23"
      }
    },
    "node_modules/@girs/meta-13": {
      "version": "13.0.0-4.0.0-beta.23",
      "resolved": "https://registry.npmjs.org/@girs/meta-13/-/meta-13-13.0.0-4.0.0-beta.23.tgz",
      "integrity": "sha512-uKValucsQiMGKm9ZnJnMiHI9YCOXavjkLcaYDHn4PXeQ41Mn9xwMMskuoLXMa890GLmQhP18b7yo8CuUMz/zwA==",
      "dev": true,
      "license": "MIT",
      "dependencies": {
        "@girs/atk-1.0": "^2.56.0-4.0.0-beta.23",
        "@girs/cairo-1.0": "^1.0.0-4.0.0-beta.23",
        "@girs/clutter-13": "^13.0.0-4.0.0-beta.23",
        "@girs/cogl-13": "^13.0.0-4.0.0-beta.23",
        "@girs/coglpango-13": "^13.0.0-4.0.0-beta.23",
        "@girs/freetype2-2.0": "^2.0.0-4.0.0-beta.23",
        "@girs/gdesktopenums-3.0": "^3.0.0-4.0.0-beta.23",
        "@girs/gio-2.0": "^2.84.0-4.0.0-beta.23",
        "@girs/gjs": "^4.0.0-beta.23",
        "@girs/gl-1.0": "^1.0.0-4.0.0-beta.23",
        "@girs/glib-2.0": "^2.84.0-4.0.0-beta.23",
        "@girs/gmodule-2.0": "^2.0.0-4.0.0-beta.23",
        "@girs/gobject-2.0": "^2.84.0-4.0.0-beta.23",
        "@girs/graphene-1.0": "^1.0.0-4.0.0-beta.23",
        "@girs/harfbuzz-0.0": "^9.0.0-4.0.0-beta.23",
        "@girs/json-1.0": "^1.10.7-4.0.0-beta.23",
        "@girs/mtk-13": "^13.0.0-4.0.0-beta.23",
        "@girs/pango-1.0": "^1.56.4-4.0.0-beta.23",
        "@girs/pangocairo-1.0": "^1.0.0-4.0.0-beta.23",
        "@girs/xfixes-4.0": "^4.0.0-4.0.0-beta.23",
        "@girs/xlib-2.0": "^2.0.0-4.0.0-beta.23"
      }
    },
    "node_modules/@girs/mtk-13": {
      "version": "13.0.0-4.0.0-beta.23",
      "resolved": "https://registry.npmjs.org/@girs/mtk-13/-/mtk-13-13.0.0-4.0.0-beta.23.tgz",
      "integrity": "sha512-L6YLMmazUjrb6n4HBFwaq67WTMqENSeua3JnBcbx++f7u3I8BnQ56FXfwRHufRcqnZGXYx2jHkts95aKKBcJNQ==",
      "dev": true,
      "license": "MIT",
      "dependencies": {
        "@girs/cairo-1.0": "^1.0.0-4.0.0-beta.23",
        "@girs/gjs": "^4.0.0-beta.23",
        "@girs/glib-2.0": "^2.84.0-4.0.0-beta.23",
        "@girs/gobject-2.0": "^2.84.0-4.0.0-beta.23",
        "@girs/graphene-1.0": "^1.0.0-4.0.0-beta.23"
      }
    },
    "node_modules/@girs/nm-1.0": {
      "version": "1.49.4-4.0.0-beta.23",
      "resolved": "https://registry.npmjs.org/@girs/nm-1.0/-/nm-1.0-1.49.4-4.0.0-beta.23.tgz",
      "integrity": "sha512-N0TCk6b0KDH4p/h91+aiusSHdJ4986vjkc5NFKEPS+QHBUyqHU4nf/+RAU1bfII/KU2rQejJfx/yDRGc6PwyIw==",
      "dev": true,
      "license": "MIT",
      "dependencies": {
        "@girs/gio-2.0": "^2.84.0-4.0.0-beta.23",
        "@girs/gjs": "^4.0.0-beta.23",
        "@girs/glib-2.0": "^2.84.0-4.0.0-beta.23",
        "@girs/gmodule-2.0": "^2.0.0-4.0.0-beta.23",
        "@girs/gobject-2.0": "^2.84.0-4.0.0-beta.23"
      }
    },
    "node_modules/@girs/pango-1.0": {
      "version": "1.56.4-4.0.0-beta.23",
      "resolved": "https://registry.npmjs.org/@girs/pango-1.0/-/pango-1.0-1.56.4-4.0.0-beta.23.tgz",
      "integrity": "sha512-gezMBRQerPUt7xLGzx34W0UFK+AVf2S7GPKm1LK8dGGq4qnjkkEdf1w2wcN/iV3lLCxz1+4U0MmBArrqcSe2hQ==",
      "dev": true,
      "license": "MIT",
      "dependencies": {
        "@girs/cairo-1.0": "^1.0.0-4.0.0-beta.23",
        "@girs/freetype2-2.0": "^2.0.0-4.0.0-beta.23",
        "@girs/gio-2.0": "^2.84.0-4.0.0-beta.23",
        "@girs/gjs": "^4.0.0-beta.23",
        "@girs/glib-2.0": "^2.84.0-4.0.0-beta.23",
        "@girs/gmodule-2.0": "^2.0.0-4.0.0-beta.23",
        "@girs/gobject-2.0": "^2.84.0-4.0.0-beta.23",
        "@girs/harfbuzz-0.0": "^9.0.0-4.0.0-beta.23"
      }
    },
    "node_modules/@girs/pangocairo-1.0": {
      "version": "1.0.0-4.0.0-beta.23",
      "resolved": "https://registry.npmjs.org/@girs/pangocairo-1.0/-/pangocairo-1.0-1.0.0-4.0.0-beta.23.tgz",
      "integrity": "sha512-8omT0HAxzj+IDLIYLv08GjXc43yRs5QXxttEtV+/0aDWX0XOyaenuWg9cNS8lwBKPIa5tW9lcdLCudyBJ2xcqA==",
      "dev": true,
      "license": "MIT",
      "dependencies": {
        "@girs/cairo-1.0": "^1.0.0-4.0.0-beta.23",
        "@girs/freetype2-2.0": "^2.0.0-4.0.0-beta.23",
        "@girs/gio-2.0": "^2.84.0-4.0.0-beta.23",
        "@girs/gjs": "^4.0.0-beta.23",
        "@girs/glib-2.0": "^2.84.0-4.0.0-beta.23",
        "@girs/gmodule-2.0": "^2.0.0-4.0.0-beta.23",
        "@girs/gobject-2.0": "^2.84.0-4.0.0-beta.23",
        "@girs/harfbuzz-0.0": "^9.0.0-4.0.0-beta.23",
        "@girs/pango-1.0": "^1.56.4-4.0.0-beta.23"
      }
    },
    "node_modules/@girs/polkit-1.0": {
      "version": "1.0.0-4.0.0-beta.23",
      "resolved": "https://registry.npmjs.org/@girs/polkit-1.0/-/polkit-1.0-1.0.0-4.0.0-beta.23.tgz",
      "integrity": "sha512-jayhgMeindShO2SMbEZduYcFrU5GaHjgJWK7zGdkg3QDSKhy1pZJwxmDJcq/yvNtMmcGsws7aTrLcnAYrhjg0w==",
      "dev": true,
      "license": "MIT",
      "dependencies": {
        "@girs/gio-2.0": "^2.84.0-4.0.0-beta.23",
        "@girs/gjs": "^4.0.0-beta.23",
        "@girs/glib-2.0": "^2.84.0-4.0.0-beta.23",
        "@girs/gmodule-2.0": "^2.0.0-4.0.0-beta.23",
        "@girs/gobject-2.0": "^2.84.0-4.0.0-beta.23"
      }
    },
    "node_modules/@girs/polkitagent-1.0": {
      "version": "1.0.0-4.0.0-beta.23",
      "resolved": "https://registry.npmjs.org/@girs/polkitagent-1.0/-/polkitagent-1.0-1.0.0-4.0.0-beta.23.tgz",
      "integrity": "sha512-LAwHOtoaWJ1SuAKBKXeTa2pgHZGUyN6X9qujHpnzVDpli1gawlY7irb7fk/sCkc/Nxt4IgN2YfCE+BENi3726Q==",
      "dev": true,
      "license": "MIT",
      "dependencies": {
        "@girs/gio-2.0": "^2.84.0-4.0.0-beta.23",
        "@girs/gjs": "^4.0.0-beta.23",
        "@girs/glib-2.0": "^2.84.0-4.0.0-beta.23",
        "@girs/gmodule-2.0": "^2.0.0-4.0.0-beta.23",
        "@girs/gobject-2.0": "^2.84.0-4.0.0-beta.23",
        "@girs/polkit-1.0": "^1.0.0-4.0.0-beta.23"
      }
    },
    "node_modules/@girs/shell-13": {
      "version": "13.0.0-4.0.0-beta.23",
      "resolved": "https://registry.npmjs.org/@girs/shell-13/-/shell-13-13.0.0-4.0.0-beta.23.tgz",
      "integrity": "sha512-TdEXCZQPW3Awduf3nl3u4JUTPcpUJ3zro17phObU095HeCtaU/FS4nnWo5PmWOTi/7gsY2B/+y2w9sfkdFTuRQ==",
      "dev": true,
      "license": "MIT",
      "dependencies": {
        "@girs/atk-1.0": "^2.56.0-4.0.0-beta.23",
        "@girs/cairo-1.0": "^1.0.0-4.0.0-beta.23",
        "@girs/cally-13": "^13.0.0-4.0.0-beta.23",
        "@girs/clutter-13": "^13.0.0-4.0.0-beta.23",
        "@girs/cogl-13": "^13.0.0-4.0.0-beta.23",
        "@girs/coglpango-13": "^13.0.0-4.0.0-beta.23",
        "@girs/freetype2-2.0": "^2.0.0-4.0.0-beta.23",
        "@girs/gck-2": "^4.4.0-4.0.0-beta.23",
        "@girs/gcr-4": "^4.4.0-4.0.0-beta.23",
        "@girs/gdesktopenums-3.0": "^3.0.0-4.0.0-beta.23",
        "@girs/gdkpixbuf-2.0": "^2.0.0-4.0.0-beta.23",
        "@girs/gio-2.0": "^2.84.0-4.0.0-beta.23",
        "@girs/gjs": "^4.0.0-beta.23",
        "@girs/gl-1.0": "^1.0.0-4.0.0-beta.23",
        "@girs/glib-2.0": "^2.84.0-4.0.0-beta.23",
        "@girs/gmodule-2.0": "^2.0.0-4.0.0-beta.23",
        "@girs/gobject-2.0": "^2.84.0-4.0.0-beta.23",
        "@girs/graphene-1.0": "^1.0.0-4.0.0-beta.23",
        "@girs/gvc-1.0": "^1.0.0-4.0.0-beta.23",
        "@girs/harfbuzz-0.0": "^9.0.0-4.0.0-beta.23",
        "@girs/json-1.0": "^1.10.7-4.0.0-beta.23",
        "@girs/meta-13": "^13.0.0-4.0.0-beta.23",
        "@girs/mtk-13": "^13.0.0-4.0.0-beta.23",
        "@girs/nm-1.0": "^1.49.4-4.0.0-beta.23",
        "@girs/pango-1.0": "^1.56.4-4.0.0-beta.23",
        "@girs/pangocairo-1.0": "^1.0.0-4.0.0-beta.23",
        "@girs/polkit-1.0": "^1.0.0-4.0.0-beta.23",
        "@girs/polkitagent-1.0": "^1.0.0-4.0.0-beta.23",
        "@girs/st-13": "^13.0.0-4.0.0-beta.23",
        "@girs/xfixes-4.0": "^4.0.0-4.0.0-beta.23",
        "@girs/xlib-2.0": "^2.0.0-4.0.0-beta.23"
      }
    },
    "node_modules/@girs/st-1.0": {
      "version": "1.0.0-4.0.0-beta.23",
      "resolved": "https://registry.npmjs.org/@girs/st-1.0/-/st-1.0-1.0.0-4.0.0-beta.23.tgz",
      "integrity": "sha512-CkTMTg4pOzIYgChPTL6yaXC9zNKc4/xAlvzSlnzf+YFIA9klC3/PAYXnKgBRcBTR8xRm5coYDAZtmJqKV1a9nQ==",
      "dev": true,
      "license": "MIT",
      "dependencies": {
        "@girs/atk-1.0": "^2.56.0-4.0.0-beta.23",
        "@girs/cairo-1.0": "^1.0.0-4.0.0-beta.23",
        "@girs/cally-11": "^11.0.0-4.0.0-beta.23",
        "@girs/clutter-11": "^11.0.0-4.0.0-beta.23",
        "@girs/cogl-11": "^11.0.0-4.0.0-beta.23",
        "@girs/coglpango-11": "^11.0.0-4.0.0-beta.23",
        "@girs/freetype2-2.0": "^2.0.0-4.0.0-beta.23",
        "@girs/gdesktopenums-3.0": "^3.0.0-4.0.0-beta.23",
        "@girs/gdk-3.0": "^3.24.50-4.0.0-beta.23",
        "@girs/gdkpixbuf-2.0": "^2.0.0-4.0.0-beta.23",
        "@girs/gio-2.0": "^2.84.0-4.0.0-beta.23",
        "@girs/gjs": "^4.0.0-beta.23",
        "@girs/gl-1.0": "^1.0.0-4.0.0-beta.23",
        "@girs/glib-2.0": "^2.84.0-4.0.0-beta.23",
        "@girs/gmodule-2.0": "^2.0.0-4.0.0-beta.23",
        "@girs/gobject-2.0": "^2.84.0-4.0.0-beta.23",
        "@girs/graphene-1.0": "^1.0.0-4.0.0-beta.23",
        "@girs/gtk-3.0": "^3.24.50-4.0.0-beta.23",
        "@girs/harfbuzz-0.0": "^9.0.0-4.0.0-beta.23",
        "@girs/json-1.0": "^1.10.7-4.0.0-beta.23",
        "@girs/meta-11": "^11.0.0-4.0.0-beta.23",
        "@girs/pango-1.0": "^1.56.4-4.0.0-beta.23",
        "@girs/pangocairo-1.0": "^1.0.0-4.0.0-beta.23",
        "@girs/xfixes-4.0": "^4.0.0-4.0.0-beta.23",
        "@girs/xlib-2.0": "^2.0.0-4.0.0-beta.23"
      }
    },
    "node_modules/@girs/st-13": {
      "version": "13.0.0-4.0.0-beta.23",
      "resolved": "https://registry.npmjs.org/@girs/st-13/-/st-13-13.0.0-4.0.0-beta.23.tgz",
      "integrity": "sha512-ccqWgFIFXCc1e10y7gCgIRdrWaPrmN3ckuiFm7yLYab4qTrCMMEMtfCmMPt97p+lzWX+FwsPRU0Rs37PiSX5Lg==",
      "dev": true,
      "license": "MIT",
      "dependencies": {
        "@girs/atk-1.0": "^2.56.0-4.0.0-beta.23",
        "@girs/cairo-1.0": "^1.0.0-4.0.0-beta.23",
        "@girs/cally-13": "^13.0.0-4.0.0-beta.23",
        "@girs/clutter-13": "^13.0.0-4.0.0-beta.23",
        "@girs/cogl-13": "^13.0.0-4.0.0-beta.23",
        "@girs/coglpango-13": "^13.0.0-4.0.0-beta.23",
        "@girs/freetype2-2.0": "^2.0.0-4.0.0-beta.23",
        "@girs/gdesktopenums-3.0": "^3.0.0-4.0.0-beta.23",
        "@girs/gdkpixbuf-2.0": "^2.0.0-4.0.0-beta.23",
        "@girs/gio-2.0": "^2.84.0-4.0.0-beta.23",
        "@girs/gjs": "^4.0.0-beta.23",
        "@girs/gl-1.0": "^1.0.0-4.0.0-beta.23",
        "@girs/glib-2.0": "^2.84.0-4.0.0-beta.23",
        "@girs/gmodule-2.0": "^2.0.0-4.0.0-beta.23",
        "@girs/gobject-2.0": "^2.84.0-4.0.0-beta.23",
        "@girs/graphene-1.0": "^1.0.0-4.0.0-beta.23",
        "@girs/harfbuzz-0.0": "^9.0.0-4.0.0-beta.23",
        "@girs/json-1.0": "^1.10.7-4.0.0-beta.23",
        "@girs/meta-13": "^13.0.0-4.0.0-beta.23",
        "@girs/mtk-13": "^13.0.0-4.0.0-beta.23",
        "@girs/pango-1.0": "^1.56.4-4.0.0-beta.23",
        "@girs/pangocairo-1.0": "^1.0.0-4.0.0-beta.23",
        "@girs/xfixes-4.0": "^4.0.0-4.0.0-beta.23",
        "@girs/xlib-2.0": "^2.0.0-4.0.0-beta.23"
      }
    },
    "node_modules/@girs/xfixes-4.0": {
      "version": "4.0.0-4.0.0-beta.23",
      "resolved": "https://registry.npmjs.org/@girs/xfixes-4.0/-/xfixes-4.0-4.0.0-4.0.0-beta.23.tgz",
      "integrity": "sha512-66pjrl+5kXurr1NRBE6rFBixQp3F15HvYrWkzXzrTJABTt3H1it82jsJkprA1h3Z7Z8ucxx/u3fEWMJGY5xUjQ==",
      "dev": true,
      "license": "MIT",
      "dependencies": {
        "@girs/gjs": "^4.0.0-beta.23",
        "@girs/gobject-2.0": "^2.84.0-4.0.0-beta.23"
      }
    },
    "node_modules/@girs/xlib-2.0": {
      "version": "2.0.0-4.0.0-beta.23",
      "resolved": "https://registry.npmjs.org/@girs/xlib-2.0/-/xlib-2.0-2.0.0-4.0.0-beta.23.tgz",
      "integrity": "sha512-FETH5hCvxs45ZonJ948nosy0tXAIZPTyrtF0r6TwVvjMHSHuINXsU4ylxM7Uc0xeuFh5KL+3ShAPXzwi9FynVg==",
      "dev": true,
      "license": "MIT",
      "dependencies": {
        "@girs/gjs": "^4.0.0-beta.23",
        "@girs/gobject-2.0": "^2.84.0-4.0.0-beta.23"
      }
    }
  }
}
